
Microsoft Visual Studio Solution File, Format Version 12.00
# Visual Studio Version 17
VisualStudioVersion = 17.5.33424.131
MinimumVisualStudioVersion = 10.0.40219.1
Project("{8BC9CEB8-8B4A-11D0-8D11-00A0C91BC942}") = "QMA++", "QMA++.vcxproj", "{642C84D5-9AB7-4E2C-858F-5DAD5A0A55FC}"
EndProject
Global
	GlobalSection(SolutionConfigurationPlatforms) = preSolution
		Debug|x64 = Debug|x64
		Debug|x86 = Debug|x86
		Release|x64 = Release|x64
		Release|x86 = Release|x86
	EndGlobalSection
	GlobalSection(ProjectConfigurationPlatforms) = postSolution
		{642C84D5-9AB7-4E2C-858F-5DAD5A0A55FC}.Debug|x64.ActiveCfg = Debug|x64
		{642C84D5-9AB7-4E2C-858F-5DAD5A0A55FC}.Debug|x64.Build.0 = Debug|x64
		{642C84D5-9AB7-4E2C-858F-5DAD5A0A55FC}.Debug|x86.ActiveCfg = Debug|Win32
		{642C84D5-9AB7-4E2C-858F-5DAD5A0A55FC}.Debug|x86.Build.0 = Debug|Win32
		{642C84D5-9AB7-4E2C-858F-5DAD5A0A55FC}.Release|x64.ActiveCfg = Release|x64
		{642C84D5-9AB7-4E2C-858F-5DAD5A0A55FC}.Release|x64.Build.0 = Release|x64
		{642C84D5-9AB7-4E2C-858F-5DAD5A0A55FC}.Release|x86.ActiveCfg = Release|Win32
		{642C84D5-9AB7-4E2C-858F-5DAD5A0A55FC}.Release|x86.Build.0 = Release|Win32
	EndGlobalSection
	GlobalSection(SolutionProperties) = preSolution
		HideSolutionNode = FALSE
	EndGlobalSection
	GlobalSection(ExtensibilityGlobals) = postSolution
		SolutionGuid = {712C8390-90E8-4760-BFE3-E321D7E4BBE1}
	EndGlobalSection
EndGlobal
